
Microsoft Visual Studio Solution File, Format Version 12.00
# Visual Studio Version 17
VisualStudioVersion = 17.14.36811.4 d17.14
MinimumVisualStudioVersion = 10.0.40219.1
Project("{FAE04EC0-301F-11D3-BF4B-00C04F79EFBC}") = "SemestralUI", "SemestralUI\SemestralUI.csproj", "{E158B8AC-6691-4E8F-92AF-9B4C97CC1E8A}"
EndProject
Global
	GlobalSection(SolutionConfigurationPlatforms) = preSolution
		Debug|Any CPU = Debug|Any CPU
		Release|Any CPU = Release|Any CPU
	EndGlobalSection
	GlobalSection(ProjectConfigurationPlatforms) = postSolution
		{E158B8AC-6691-4E8F-92AF-9B4C97CC1E8A}.Debug|Any CPU.ActiveCfg = Debug|Any CPU
		{E158B8AC-6691-4E8F-92AF-9B4C97CC1E8A}.Debug|Any CPU.Build.0 = Debug|Any CPU
		{E158B8AC-6691-4E8F-92AF-9B4C97CC1E8A}.Release|Any CPU.ActiveCfg = Release|Any CPU
		{E158B8AC-6691-4E8F-92AF-9B4C97CC1E8A}.Release|Any CPU.Build.0 = Release|Any CPU
	EndGlobalSection
	GlobalSection(SolutionProperties) = preSolution
		HideSolutionNode = FALSE
	EndGlobalSection
	GlobalSection(ExtensibilityGlobals) = postSolution
		SolutionGuid = {2215D625-0402-4CAC-A1D5-02006E1E82E4}
	EndGlobalSection
EndGlobal
